<?xml version="1.0" encoding="utf-8"?>
<Project ToolsVersion="4.0" xmlns="http://schemas.microsoft.com/developer/msbuild/2003">
  <ItemGroup>
    <Filter Include="Source Files">
      <UniqueIdentifier>{4FC737F1-C7A5-4376-A066-2A32D752A2FF}</UniqueIdentifier>
      <Extensions>cpp;c;cc;cxx;c++;cppm;ixx;def;odl;idl;hpj;bat;asm;asmx</Extensions>
    </Filter>
    <Filter Include="Header Files">
      <UniqueIdentifier>{93995380-89BD-4b04-88EB-625FBE52EBFB}</UniqueIdentifier>
      <Extensions>h;hh;hpp;hxx;h++;hm;inl;inc;ipp;xsd</Extensions>
    </Filter>
    <Filter Include="Resource Files">
      <UniqueIdentifier>{67DA6AB6-F800-4c08-8B7A-83BB121AAD01}</UniqueIdentifier>
      <Extensions>rc;ico;cur;bmp;dlg;rc2;rct;bin;rgs;gif;jpg;jpeg;jpe;resx;tiff;tif;png;wav;mfcribbon-ms</Extensions>
    </Filter>
  </ItemGroup>
  <ItemGroup>
    <ClCompile Include="run.cpp">
      <Filter>Source Files</Filter>
    </ClCompile>
    <ClCompile Include="code\Scale\Scale.cpp">
      <Filter>Source Files</Filter>
    </ClCompile>
    <ClCompile Include="code\HoughLines\HoughLines.cpp">
      <Filter>Source Files</Filter>
    </ClCompile>
    <ClCompile Include="code\Filter2D\Filter2D.cpp">
      <Filter>Source Files</Filter>
    </ClCompile>
    <ClCompile Include="code\Resize\Resize.cpp">
      <Filter>Source Files</Filter>
    </ClCompile>
    <ClCompile Include="code\SepFilter2D\SepFilter2D.cpp">
      <Filter>Source Files</Filter>
    </ClCompile>
    <ClCompile Include="code\Sobel\Sobel.cpp">
      <Filter>Source Files</Filter>
    </ClCompile>
    <ClCompile Include="include\common\stb_image_impl.cpp">
      <Filter>Source Files</Filter>
    </ClCompile>
    <ClCompile Include="code\ColorConvert\ColorConvert.cpp">
      <Filter>Source Files</Filter>
    </ClCompile>
    <ClCompile Include="code\ConvertBitDepth\ConvertBitDepth.cpp">
      <Filter>Source Files</Filter>
    </ClCompile>
    <ClCompile Include="code\WrapRotate\WrapRotate.cpp">
      <Filter>Source Files</Filter>
    </ClCompile>
    <ClCompile Include="code\Rotate\Rotate.cpp">
      <Filter>Source Files</Filter>
    </ClCompile>
    <ClCompile Include="code\Flip\Flip.cpp">
      <Filter>Source Files</Filter>
    </ClCompile>
  </ItemGroup>
  <ItemGroup>
    <ClInclude Include="include\common\timer.h">
      <Filter>Header Files</Filter>
    </ClInclude>
    <ClInclude Include="include\common\draw.h">
      <Filter>Header Files</Filter>
    </ClInclude>
    <ClInclude Include="include\common\types.h">
      <Filter>Header Files</Filter>
    </ClInclude>
    <ClInclude Include="include\shakhbat.h">
      <Filter>Header Files</Filter>
    </ClInclude>
    <ClInclude Include="include\common\image.h">
      <Filter>Header Files</Filter>
    </ClInclude>
    <ClInclude Include="include\common\pixel.h">
      <Filter>Header Files</Filter>
    </ClInclude>
    <ClInclude Include="include\Flip\Flip.h">
      <Filter>Header Files</Filter>
    </ClInclude>
  </ItemGroup>
  <ItemGroup>
    <None Include="code\Scale\README.md" />
    <None Include="code\HoughLines\README.md" />
    <None Include="code\WrapRotate\README.md" />
  </ItemGroup>
</Project>